// !$*UTF8*$!
{
	archiveVersion = 1;
	classes = {
	};
	objectVersion = 54;
	objects = {

/* Begin PBXBuildFile section */
		1DEA6A4ABF394DBB90188B85 /* Theme.swift in Sources */ = {isa = PBXBuildFile; fileRef = E34423AD0E18C5FBB1040750 /* Theme.swift */; };
		204CB6C256E7FA1106CECF30 /* PodcappApp.swift in Sources */ = {isa = PBXBuildFile; fileRef = 3F3F449A6094783C3D025948 /* PodcappApp.swift */; };
		3979AB7B5DC17C2FE7A14476 /* ShareExtension.appex in Embed Foundation Extensions */ = {isa = PBXBuildFile; fileRef = 05A68A6D722F833D01F68802 /* ShareExtension.appex */; settings = {ATTRIBUTES = (RemoveHeadersOnCopy, ); }; };
		4B3036BE5A7935620318E99A /* RootView.swift in Sources */ = {isa = PBXBuildFile; fileRef = 9AFDF1E24FDE6FF5F01BC746 /* RootView.swift */; };
		58C55423A5FE070A35EEFB1D /* ReadView.swift in Sources */ = {isa = PBXBuildFile; fileRef = E5B10F89582D157DC00C82C6 /* ReadView.swift */; };
		63486EC1686F2F38EAB55CD6 /* BackstageView.swift in Sources */ = {isa = PBXBuildFile; fileRef = 3CFA123C7B199A3D28FEB731 /* BackstageView.swift */; };
		73F0A4FE46CA3E985AECE1A2 /* Components.swift in Sources */ = {isa = PBXBuildFile; fileRef = 35A0CE9D3F7061749EEB3BF8 /* Components.swift */; };
		740B9F13AACFF3F7160D21A5 /* LibraryView.swift in Sources */ = {isa = PBXBuildFile; fileRef = C97A129DAF5BADA4DAB4E3C3 /* LibraryView.swift */; };
		8C79E8214168ED3F85783FF2 /* logo.png in Resources */ = {isa = PBXBuildFile; fileRef = D74E7507AFB0D36E708C55A9 /* logo.png */; };
		8DF8E7CEB5FB5469CC22FA19 /* Shared.swift in Sources */ = {isa = PBXBuildFile; fileRef = 61ADA2F70DC8C174D6BC7FED /* Shared.swift */; };
		9966746AC7DBF194B4A4BDD3 /* Shared.swift in Sources */ = {isa = PBXBuildFile; fileRef = 61ADA2F70DC8C174D6BC7FED /* Shared.swift */; };
		9D730A4B97D9E0080ECC3626 /* OnboardingView.swift in Sources */ = {isa = PBXBuildFile; fileRef = 824C33DFB6EF3496881C22ED /* OnboardingView.swift */; };
		9EF1A99FA8A006665138D5B0 /* InterTight-Regular.ttf in Resources */ = {isa = PBXBuildFile; fileRef = EC97B07C5A0B581294CAE728 /* InterTight-Regular.ttf */; };
		9F33D933C9BB47BB506E235D /* TodayView.swift in Sources */ = {isa = PBXBuildFile; fileRef = 119E53FD38F4BC6164F2565D /* TodayView.swift */; };
		B3AEB9487C4C5D12B13A0C6A /* PlayerView.swift in Sources */ = {isa = PBXBuildFile; fileRef = 1D885E0D8C9C3F07766E1EB5 /* PlayerView.swift */; };
		C2BA776F95E3B2976D92A981 /* InterTight-SemiBold.ttf in Resources */ = {isa = PBXBuildFile; fileRef = B59114DC54FBF540B63EDB75 /* InterTight-SemiBold.ttf */; };
		C571BF583123249A967E886D /* InterTight-Light.ttf in Resources */ = {isa = PBXBuildFile; fileRef = 5147EECD51307B9F660358C7 /* InterTight-Light.ttf */; };
		D0881AE1AE2BE33B9473BE5E /* Assets.xcassets in Resources */ = {isa = PBXBuildFile; fileRef = 0C6096E6E9F25B67F0F90338 /* Assets.xcassets */; };
		DCFDF2D480C725F5B3419D0A /* ShareViewController.swift in Sources */ = {isa = PBXBuildFile; fileRef = A7DA3CCA9121028ACF9C1792 /* ShareViewController.swift */; };
		E441AC6760F8DBC7B2BCC4A4 /* API.swift in Sources */ = {isa = PBXBuildFile; fileRef = 402BB8486D430BDB64C0F3BE /* API.swift */; };
		F4BC388A15FF6259E9A50B1C /* SettingsView.swift in Sources */ = {isa = PBXBuildFile; fileRef = 9CAA3D6B575A4B7B96FE86E8 /* SettingsView.swift */; };
/* End PBXBuildFile section */

/* Begin PBXContainerItemProxy section */
		B7688BC815C6ECCEE8B128FC /* PBXContainerItemProxy */ = {
			isa = PBXContainerItemProxy;
			containerPortal = 122DAEB62B83EAB2359CE059 /* Project object */;
			proxyType = 1;
			remoteGlobalIDString = E07B820802DB99E48C5C9526;
			remoteInfo = ShareExtension;
		};
/* End PBXContainerItemProxy section */

/* Begin PBXCopyFilesBuildPhase section */
		624CAA491113E9F54F1CAD9E /* Embed Foundation Extensions */ = {
			isa = PBXCopyFilesBuildPhase;
			buildActionMask = 2147483647;
			dstPath = "";
			dstSubfolderSpec = 13;
			files = (
				3979AB7B5DC17C2FE7A14476 /* ShareExtension.appex in Embed Foundation Extensions */,
			);
			name = "Embed Foundation Extensions";
			runOnlyForDeploymentPostprocessing = 0;
		};
/* End PBXCopyFilesBuildPhase section */

/* Begin PBXFileReference section */
		05A68A6D722F833D01F68802 /* ShareExtension.appex */ = {isa = PBXFileReference; includeInIndex = 0; lastKnownFileType = "wrapper.app-extension"; path = ShareExtension.appex; sourceTree = BUILT_PRODUCTS_DIR; };
		09295238AFFDEE3FB0D35FCE /* Info.plist */ = {isa = PBXFileReference; lastKnownFileType = text.plist; path = Info.plist; sourceTree = "<group>"; };
		0C6096E6E9F25B67F0F90338 /* Assets.xcassets */ = {isa = PBXFileReference; lastKnownFileType = folder.assetcatalog; path = Assets.xcassets; sourceTree = "<group>"; };
		119E53FD38F4BC6164F2565D /* TodayView.swift */ = {isa = PBXFileReference; lastKnownFileType = sourcecode.swift; path = TodayView.swift; sourceTree = "<group>"; };
		1D885E0D8C9C3F07766E1EB5 /* PlayerView.swift */ = {isa = PBXFileReference; lastKnownFileType = sourcecode.swift; path = PlayerView.swift; sourceTree = "<group>"; };
		35A0CE9D3F7061749EEB3BF8 /* Components.swift */ = {isa = PBXFileReference; lastKnownFileType = sourcecode.swift; path = Components.swift; sourceTree = "<group>"; };
		3CFA123C7B199A3D28FEB731 /* BackstageView.swift */ = {isa = PBXFileReference; lastKnownFileType = sourcecode.swift; path = BackstageView.swift; sourceTree = "<group>"; };
		3F3F449A6094783C3D025948 /* PodcappApp.swift */ = {isa = PBXFileReference; lastKnownFileType = sourcecode.swift; path = PodcappApp.swift; sourceTree = "<group>"; };
		402BB8486D430BDB64C0F3BE /* API.swift */ = {isa = PBXFileReference; lastKnownFileType = sourcecode.swift; path = API.swift; sourceTree = "<group>"; };
		5147EECD51307B9F660358C7 /* InterTight-Light.ttf */ = {isa = PBXFileReference; lastKnownFileType = file; path = "InterTight-Light.ttf"; sourceTree = "<group>"; };
		61ADA2F70DC8C174D6BC7FED /* Shared.swift */ = {isa = PBXFileReference; lastKnownFileType = sourcecode.swift; path = Shared.swift; sourceTree = "<group>"; };
		77042EAE0F300E9B1F29AA2E /* ShareExtension.entitlements */ = {isa = PBXFileReference; lastKnownFileType = text.plist.entitlements; path = ShareExtension.entitlements; sourceTree = "<group>"; };
		77A64524B30546B71184AEB0 /* Info.plist */ = {isa = PBXFileReference; lastKnownFileType = text.plist; path = Info.plist; sourceTree = "<group>"; };
		824C33DFB6EF3496881C22ED /* OnboardingView.swift */ = {isa = PBXFileReference; lastKnownFileType = sourcecode.swift; path = OnboardingView.swift; sourceTree = "<group>"; };
		86E4A5996FA6350FC608E2E1 /* Podcapp.app */ = {isa = PBXFileReference; includeInIndex = 0; lastKnownFileType = wrapper.application; path = Podcapp.app; sourceTree = BUILT_PRODUCTS_DIR; };
		9AFDF1E24FDE6FF5F01BC746 /* RootView.swift */ = {isa = PBXFileReference; lastKnownFileType = sourcecode.swift; path = RootView.swift; sourceTree = "<group>"; };
		9CAA3D6B575A4B7B96FE86E8 /* SettingsView.swift */ = {isa = PBXFileReference; lastKnownFileType = sourcecode.swift; path = SettingsView.swift; sourceTree = "<group>"; };
		A7DA3CCA9121028ACF9C1792 /* ShareViewController.swift */ = {isa = PBXFileReference; lastKnownFileType = sourcecode.swift; path = ShareViewController.swift; sourceTree = "<group>"; };
		B59114DC54FBF540B63EDB75 /* InterTight-SemiBold.ttf */ = {isa = PBXFileReference; lastKnownFileType = file; path = "InterTight-SemiBold.ttf"; sourceTree = "<group>"; };
		C97A129DAF5BADA4DAB4E3C3 /* LibraryView.swift */ = {isa = PBXFileReference; lastKnownFileType = sourcecode.swift; path = LibraryView.swift; sourceTree = "<group>"; };
		D74E7507AFB0D36E708C55A9 /* logo.png */ = {isa = PBXFileReference; lastKnownFileType = image.png; path = logo.png; sourceTree = "<group>"; };
		E34423AD0E18C5FBB1040750 /* Theme.swift */ = {isa = PBXFileReference; lastKnownFileType = sourcecode.swift; path = Theme.swift; sourceTree = "<group>"; };
		E5B10F89582D157DC00C82C6 /* ReadView.swift */ = {isa = PBXFileReference; lastKnownFileType = sourcecode.swift; path = ReadView.swift; sourceTree = "<group>"; };
		EC97B07C5A0B581294CAE728 /* InterTight-Regular.ttf */ = {isa = PBXFileReference; lastKnownFileType = file; path = "InterTight-Regular.ttf"; sourceTree = "<group>"; };
		FD5761D4ADCBA8E5525D7001 /* Podcapp.entitlements */ = {isa = PBXFileReference; lastKnownFileType = text.plist.entitlements; path = Podcapp.entitlements; sourceTree = "<group>"; };
/* End PBXFileReference section */

/* Begin PBXGroup section */
		0169B448673CB0C64567638C /* Resources */ = {
			isa = PBXGroup;
			children = (
				5147EECD51307B9F660358C7 /* InterTight-Light.ttf */,
				EC97B07C5A0B581294CAE728 /* InterTight-Regular.ttf */,
				B59114DC54FBF540B63EDB75 /* InterTight-SemiBold.ttf */,
				D74E7507AFB0D36E708C55A9 /* logo.png */,
			);
			path = Resources;
			sourceTree = "<group>";
		};
		3B30290614CCFA923A8B074F /* Podcapp */ = {
			isa = PBXGroup;
			children = (
				402BB8486D430BDB64C0F3BE /* API.swift */,
				0C6096E6E9F25B67F0F90338 /* Assets.xcassets */,
				09295238AFFDEE3FB0D35FCE /* Info.plist */,
				FD5761D4ADCBA8E5525D7001 /* Podcapp.entitlements */,
				3F3F449A6094783C3D025948 /* PodcappApp.swift */,
				9AFDF1E24FDE6FF5F01BC746 /* RootView.swift */,
				61ADA2F70DC8C174D6BC7FED /* Shared.swift */,
				E0244ACABB756E074B4C3F77 /* Design */,
				0169B448673CB0C64567638C /* Resources */,
				7AF29BB081B5BAE8263B980D /* Screens */,
			);
			path = Podcapp;
			sourceTree = "<group>";
		};
		7AF29BB081B5BAE8263B980D /* Screens */ = {
			isa = PBXGroup;
			children = (
				3CFA123C7B199A3D28FEB731 /* BackstageView.swift */,
				C97A129DAF5BADA4DAB4E3C3 /* LibraryView.swift */,
				824C33DFB6EF3496881C22ED /* OnboardingView.swift */,
				1D885E0D8C9C3F07766E1EB5 /* PlayerView.swift */,
				E5B10F89582D157DC00C82C6 /* ReadView.swift */,
				9CAA3D6B575A4B7B96FE86E8 /* SettingsView.swift */,
				119E53FD38F4BC6164F2565D /* TodayView.swift */,
			);
			path = Screens;
			sourceTree = "<group>";
		};
		A48446F3BD0FDB72DD595701 /* ShareExtension */ = {
			isa = PBXGroup;
			children = (
				77A64524B30546B71184AEB0 /* Info.plist */,
				77042EAE0F300E9B1F29AA2E /* ShareExtension.entitlements */,
				A7DA3CCA9121028ACF9C1792 /* ShareViewController.swift */,
			);
			path = ShareExtension;
			sourceTree = "<group>";
		};
		AE4A590A0A54F76A19A1E50E = {
			isa = PBXGroup;
			children = (
				3B30290614CCFA923A8B074F /* Podcapp */,
				A48446F3BD0FDB72DD595701 /* ShareExtension */,
				E70CB9679EC26EA206893E9F /* Products */,
			);
			sourceTree = "<group>";
		};
		E0244ACABB756E074B4C3F77 /* Design */ = {
			isa = PBXGroup;
			children = (
				35A0CE9D3F7061749EEB3BF8 /* Components.swift */,
				E34423AD0E18C5FBB1040750 /* Theme.swift */,
			);
			path = Design;
			sourceTree = "<group>";
		};
		E70CB9679EC26EA206893E9F /* Products */ = {
			isa = PBXGroup;
			children = (
				86E4A5996FA6350FC608E2E1 /* Podcapp.app */,
				05A68A6D722F833D01F68802 /* ShareExtension.appex */,
			);
			name = Products;
			sourceTree = "<group>";
		};
/* End PBXGroup section */

/* Begin PBXNativeTarget section */
		39793F1739B309B6298497AE /* Podcapp */ = {
			isa = PBXNativeTarget;
			buildConfigurationList = 0C34963CEED7AA4431E2F070 /* Build configuration list for PBXNativeTarget "Podcapp" */;
			buildPhases = (
				A2B1906F1BD6E6D2AA3E1360 /* Sources */,
				97790E2196E93198FB0FADD6 /* Resources */,
				624CAA491113E9F54F1CAD9E /* Embed Foundation Extensions */,
			);
			buildRules = (
			);
			dependencies = (
				75D49CE941CB2A4980E01DDB /* PBXTargetDependency */,
			);
			name = Podcapp;
			packageProductDependencies = (
			);
			productName = Podcapp;
			productReference = 86E4A5996FA6350FC608E2E1 /* Podcapp.app */;
			productType = "com.apple.product-type.application";
		};
		E07B820802DB99E48C5C9526 /* ShareExtension */ = {
			isa = PBXNativeTarget;
			buildConfigurationList = 1FA0839F4777517B28C1FE99 /* Build configuration list for PBXNativeTarget "ShareExtension" */;
			buildPhases = (
				95C7A63C4C37E8D2B0403BE7 /* Sources */,
			);
			buildRules = (
			);
			dependencies = (
			);
			name = ShareExtension;
			packageProductDependencies = (
			);
			productName = ShareExtension;
			productReference = 05A68A6D722F833D01F68802 /* ShareExtension.appex */;
			productType = "com.apple.product-type.app-extension";
		};
/* End PBXNativeTarget section */

/* Begin PBXProject section */
		122DAEB62B83EAB2359CE059 /* Project object */ = {
			isa = PBXProject;
			attributes = {
				BuildIndependentTargetsInParallel = YES;
				LastUpgradeCheck = 1430;
				TargetAttributes = {
					39793F1739B309B6298497AE = {
						DevelopmentTeam = V7BMDJS5C7;
						ProvisioningStyle = Automatic;
					};
					E07B820802DB99E48C5C9526 = {
						DevelopmentTeam = V7BMDJS5C7;
						ProvisioningStyle = Automatic;
					};
				};
			};
			buildConfigurationList = DF58CBC9877B92B2D1B4764F /* Build configuration list for PBXProject "Podcapp" */;
			compatibilityVersion = "Xcode 14.0";
			developmentRegion = en;
			hasScannedForEncodings = 0;
			knownRegions = (
				Base,
				en,
			);
			mainGroup = AE4A590A0A54F76A19A1E50E;
			minimizedProjectReferenceProxies = 1;
			preferredProjectObjectVersion = 54;
			projectDirPath = "";
			projectRoot = "";
			targets = (
				39793F1739B309B6298497AE /* Podcapp */,
				E07B820802DB99E48C5C9526 /* ShareExtension */,
			);
		};
/* End PBXProject section */

/* Begin PBXResourcesBuildPhase section */
		97790E2196E93198FB0FADD6 /* Resources */ = {
			isa = PBXResourcesBuildPhase;
			buildActionMask = 2147483647;
			files = (
				D0881AE1AE2BE33B9473BE5E /* Assets.xcassets in Resources */,
				C571BF583123249A967E886D /* InterTight-Light.ttf in Resources */,
				9EF1A99FA8A006665138D5B0 /* InterTight-Regular.ttf in Resources */,
				C2BA776F95E3B2976D92A981 /* InterTight-SemiBold.ttf in Resources */,
				8C79E8214168ED3F85783FF2 /* logo.png in Resources */,
			);
			runOnlyForDeploymentPostprocessing = 0;
		};
/* End PBXResourcesBuildPhase section */

/* Begin PBXSourcesBuildPhase section */
		95C7A63C4C37E8D2B0403BE7 /* Sources */ = {
			isa = PBXSourcesBuildPhase;
			buildActionMask = 2147483647;
			files = (
				DCFDF2D480C725F5B3419D0A /* ShareViewController.swift in Sources */,
				9966746AC7DBF194B4A4BDD3 /* Shared.swift in Sources */,
			);
			runOnlyForDeploymentPostprocessing = 0;
		};
		A2B1906F1BD6E6D2AA3E1360 /* Sources */ = {
			isa = PBXSourcesBuildPhase;
			buildActionMask = 2147483647;
			files = (
				E441AC6760F8DBC7B2BCC4A4 /* API.swift in Sources */,
				63486EC1686F2F38EAB55CD6 /* BackstageView.swift in Sources */,
				73F0A4FE46CA3E985AECE1A2 /* Components.swift in Sources */,
				740B9F13AACFF3F7160D21A5 /* LibraryView.swift in Sources */,
				9D730A4B97D9E0080ECC3626 /* OnboardingView.swift in Sources */,
				B3AEB9487C4C5D12B13A0C6A /* PlayerView.swift in Sources */,
				204CB6C256E7FA1106CECF30 /* PodcappApp.swift in Sources */,
				58C55423A5FE070A35EEFB1D /* ReadView.swift in Sources */,
				4B3036BE5A7935620318E99A /* RootView.swift in Sources */,
				F4BC388A15FF6259E9A50B1C /* SettingsView.swift in Sources */,
				8DF8E7CEB5FB5469CC22FA19 /* Shared.swift in Sources */,
				1DEA6A4ABF394DBB90188B85 /* Theme.swift in Sources */,
				9F33D933C9BB47BB506E235D /* TodayView.swift in Sources */,
			);
			runOnlyForDeploymentPostprocessing = 0;
		};
/* End PBXSourcesBuildPhase section */

/* Begin PBXTargetDependency section */
		75D49CE941CB2A4980E01DDB /* PBXTargetDependency */ = {
			isa = PBXTargetDependency;
			target = E07B820802DB99E48C5C9526 /* ShareExtension */;
			targetProxy = B7688BC815C6ECCEE8B128FC /* PBXContainerItemProxy */;
		};
/* End PBXTargetDependency section */

/* Begin XCBuildConfiguration section */
		030482CC1DFA995272B2612B /* Release */ = {
			isa = XCBuildConfiguration;
			buildSettings = {
				CODE_SIGN_ENTITLEMENTS = ShareExtension/ShareExtension.entitlements;
				INFOPLIST_FILE = ShareExtension/Info.plist;
				LD_RUNPATH_SEARCH_PATHS = (
					"$(inherited)",
					"@executable_path/Frameworks",
					"@executable_path/../../Frameworks",
				);
				PRODUCT_BUNDLE_IDENTIFIER = com.louisguichard.podcapp.share;
				SDKROOT = iphoneos;
				TARGETED_DEVICE_FAMILY = "1,2";
			};
			name = Release;
		};
		0CB30861F7809A917F465F89 /* Release */ = {
			isa = XCBuildConfiguration;
			buildSettings = {
				ALWAYS_SEARCH_USER_PATHS = NO;
				CLANG_ANALYZER_NONNULL = YES;
				CLANG_ANALYZER_NUMBER_OBJECT_CONVERSION = YES_AGGRESSIVE;
				CLANG_CXX_LANGUAGE_STANDARD = "gnu++14";
				CLANG_CXX_LIBRARY = "libc++";
				CLANG_ENABLE_MODULES = YES;
				CLANG_ENABLE_OBJC_ARC = YES;
				CLANG_ENABLE_OBJC_WEAK = YES;
				CLANG_WARN_BLOCK_CAPTURE_AUTORELEASING = YES;
				CLANG_WARN_BOOL_CONVERSION = YES;
				CLANG_WARN_COMMA = YES;
				CLANG_WARN_CONSTANT_CONVERSION = YES;
				CLANG_WARN_DEPRECATED_OBJC_IMPLEMENTATIONS = YES;
				CLANG_WARN_DIRECT_OBJC_ISA_USAGE = YES_ERROR;
				CLANG_WARN_DOCUMENTATION_COMMENTS = YES;
				CLANG_WARN_EMPTY_BODY = YES;
				CLANG_WARN_ENUM_CONVERSION = YES;
				CLANG_WARN_INFINITE_RECURSION = YES;
				CLANG_WARN_INT_CONVERSION = YES;
				CLANG_WARN_NON_LITERAL_NULL_CONVERSION = YES;
				CLANG_WARN_OBJC_IMPLICIT_RETAIN_SELF = YES;
				CLANG_WARN_OBJC_LITERAL_CONVERSION = YES;
				CLANG_WARN_OBJC_ROOT_CLASS = YES_ERROR;
				CLANG_WARN_QUOTED_INCLUDE_IN_FRAMEWORK_HEADER = YES;
				CLANG_WARN_RANGE_LOOP_ANALYSIS = YES;
				CLANG_WARN_STRICT_PROTOTYPES = YES;
				CLANG_WARN_SUSPICIOUS_MOVE = YES;
				CLANG_WARN_UNGUARDED_AVAILABILITY = YES_AGGRESSIVE;
				CLANG_WARN_UNREACHABLE_CODE = YES;
				CLANG_WARN__DUPLICATE_METHOD_MATCH = YES;
				CODE_SIGN_STYLE = Automatic;
				COPY_PHASE_STRIP = NO;
				CURRENT_PROJECT_VERSION = 16;
				DEBUG_INFORMATION_FORMAT = "dwarf-with-dsym";
				DEVELOPMENT_TEAM = V7BMDJS5C7;
				ENABLE_NS_ASSERTIONS = NO;
				ENABLE_STRICT_OBJC_MSGSEND = YES;
				ENABLE_USER_SCRIPT_SANDBOXING = YES;
				GCC_C_LANGUAGE_STANDARD = gnu11;
				GCC_NO_COMMON_BLOCKS = YES;
				GCC_WARN_64_TO_32_BIT_CONVERSION = YES;
				GCC_WARN_ABOUT_RETURN_TYPE = YES_ERROR;
				GCC_WARN_UNDECLARED_SELECTOR = YES;
				GCC_WARN_UNINITIALIZED_AUTOS = YES_AGGRESSIVE;
				GCC_WARN_UNUSED_FUNCTION = YES;
				GCC_WARN_UNUSED_VARIABLE = YES;
				GENERATE_INFOPLIST_FILE = YES;
				IPHONEOS_DEPLOYMENT_TARGET = 17.0;
				MARKETING_VERSION = 1.0;
				MTL_ENABLE_DEBUG_INFO = NO;
				MTL_FAST_MATH = YES;
				PRODUCT_NAME = "$(TARGET_NAME)";
				SDKROOT = iphoneos;
				SWIFT_COMPILATION_MODE = wholemodule;
				SWIFT_OPTIMIZATION_LEVEL = "-O";
				SWIFT_VERSION = 5.9;
			};
			name = Release;
		};
		3EEB36137D58C3B759AC0CDD /* Debug */ = {
			isa = XCBuildConfiguration;
			buildSettings = {
				CODE_SIGN_ENTITLEMENTS = ShareExtension/ShareExtension.entitlements;
				INFOPLIST_FILE = ShareExtension/Info.plist;
				LD_RUNPATH_SEARCH_PATHS = (
					"$(inherited)",
					"@executable_path/Frameworks",
					"@executable_path/../../Frameworks",
				);
				PRODUCT_BUNDLE_IDENTIFIER = com.louisguichard.podcapp.share;
				SDKROOT = iphoneos;
				TARGETED_DEVICE_FAMILY = "1,2";
			};
			name = Debug;
		};
		48F3845ABA8235D2A370F5FD /* Debug */ = {
			isa = XCBuildConfiguration;
			buildSettings = {
				ASSETCATALOG_COMPILER_APPICON_NAME = AppIcon;
				CODE_SIGN_ENTITLEMENTS = Podcapp/Podcapp.entitlements;
				CODE_SIGN_IDENTITY = "iPhone Developer";
				INFOPLIST_FILE = Podcapp/Info.plist;
				INFOPLIST_KEY_CFBundleDisplayName = Podcapp;
				INFOPLIST_KEY_UILaunchScreen_Generation = YES;
				INFOPLIST_KEY_UISupportedInterfaceOrientations = UIInterfaceOrientationPortrait;
				LD_RUNPATH_SEARCH_PATHS = (
					"$(inherited)",
					"@executable_path/Frameworks",
				);
				PRODUCT_BUNDLE_IDENTIFIER = com.louisguichard.podcapp;
				SDKROOT = iphoneos;
				TARGETED_DEVICE_FAMILY = "1,2";
			};
			name = Debug;
		};
		4B41DAB7B51A63994A6675A2 /* Release */ = {
			isa = XCBuildConfiguration;
			buildSettings = {
				ASSETCATALOG_COMPILER_APPICON_NAME = AppIcon;
				CODE_SIGN_ENTITLEMENTS = Podcapp/Podcapp.entitlements;
				CODE_SIGN_IDENTITY = "iPhone Developer";
				INFOPLIST_FILE = Podcapp/Info.plist;
				INFOPLIST_KEY_CFBundleDisplayName = Podcapp;
				INFOPLIST_KEY_UILaunchScreen_Generation = YES;
				INFOPLIST_KEY_UISupportedInterfaceOrientations = UIInterfaceOrientationPortrait;
				LD_RUNPATH_SEARCH_PATHS = (
					"$(inherited)",
					"@executable_path/Frameworks",
				);
				PRODUCT_BUNDLE_IDENTIFIER = com.louisguichard.podcapp;
				SDKROOT = iphoneos;
				TARGETED_DEVICE_FAMILY = "1,2";
			};
			name = Release;
		};
		7B60C62CFEAD1A9E627A2C5D /* Debug */ = {
			isa = XCBuildConfiguration;
			buildSettings = {
				ALWAYS_SEARCH_USER_PATHS = NO;
				CLANG_ANALYZER_NONNULL = YES;
				CLANG_ANALYZER_NUMBER_OBJECT_CONVERSION = YES_AGGRESSIVE;
				CLANG_CXX_LANGUAGE_STANDARD = "gnu++14";
				CLANG_CXX_LIBRARY = "libc++";
				CLANG_ENABLE_MODULES = YES;
				CLANG_ENABLE_OBJC_ARC = YES;
				CLANG_ENABLE_OBJC_WEAK = YES;
				CLANG_WARN_BLOCK_CAPTURE_AUTORELEASING = YES;
				CLANG_WARN_BOOL_CONVERSION = YES;
				CLANG_WARN_COMMA = YES;
				CLANG_WARN_CONSTANT_CONVERSION = YES;
				CLANG_WARN_DEPRECATED_OBJC_IMPLEMENTATIONS = YES;
				CLANG_WARN_DIRECT_OBJC_ISA_USAGE = YES_ERROR;
				CLANG_WARN_DOCUMENTATION_COMMENTS = YES;
				CLANG_WARN_EMPTY_BODY = YES;
				CLANG_WARN_ENUM_CONVERSION = YES;
				CLANG_WARN_INFINITE_RECURSION = YES;
				CLANG_WARN_INT_CONVERSION = YES;
				CLANG_WARN_NON_LITERAL_NULL_CONVERSION = YES;
				CLANG_WARN_OBJC_IMPLICIT_RETAIN_SELF = YES;
				CLANG_WARN_OBJC_LITERAL_CONVERSION = YES;
				CLANG_WARN_OBJC_ROOT_CLASS = YES_ERROR;
				CLANG_WARN_QUOTED_INCLUDE_IN_FRAMEWORK_HEADER = YES;
				CLANG_WARN_RANGE_LOOP_ANALYSIS = YES;
				CLANG_WARN_STRICT_PROTOTYPES = YES;
				CLANG_WARN_SUSPICIOUS_MOVE = YES;
				CLANG_WARN_UNGUARDED_AVAILABILITY = YES_AGGRESSIVE;
				CLANG_WARN_UNREACHABLE_CODE = YES;
				CLANG_WARN__DUPLICATE_METHOD_MATCH = YES;
				CODE_SIGN_STYLE = Automatic;
				COPY_PHASE_STRIP = NO;
				CURRENT_PROJECT_VERSION = 16;
				DEBUG_INFORMATION_FORMAT = dwarf;
				DEVELOPMENT_TEAM = V7BMDJS5C7;
				ENABLE_STRICT_OBJC_MSGSEND = YES;
				ENABLE_TESTABILITY = YES;
				ENABLE_USER_SCRIPT_SANDBOXING = YES;
				GCC_C_LANGUAGE_STANDARD = gnu11;
				GCC_DYNAMIC_NO_PIC = NO;
				GCC_NO_COMMON_BLOCKS = YES;
				GCC_OPTIMIZATION_LEVEL = 0;
				GCC_PREPROCESSOR_DEFINITIONS = (
					"$(inherited)",
					"DEBUG=1",
				);
				GCC_WARN_64_TO_32_BIT_CONVERSION = YES;
				GCC_WARN_ABOUT_RETURN_TYPE = YES_ERROR;
				GCC_WARN_UNDECLARED_SELECTOR = YES;
				GCC_WARN_UNINITIALIZED_AUTOS = YES_AGGRESSIVE;
				GCC_WARN_UNUSED_FUNCTION = YES;
				GCC_WARN_UNUSED_VARIABLE = YES;
				GENERATE_INFOPLIST_FILE = YES;
				IPHONEOS_DEPLOYMENT_TARGET = 17.0;
				MARKETING_VERSION = 1.0;
				MTL_ENABLE_DEBUG_INFO = INCLUDE_SOURCE;
				MTL_FAST_MATH = YES;
				ONLY_ACTIVE_ARCH = YES;
				PRODUCT_NAME = "$(TARGET_NAME)";
				SDKROOT = iphoneos;
				SWIFT_ACTIVE_COMPILATION_CONDITIONS = DEBUG;
				SWIFT_OPTIMIZATION_LEVEL = "-Onone";
				SWIFT_VERSION = 5.9;
			};
			name = Debug;
		};
/* End XCBuildConfiguration section */

/* Begin XCConfigurationList section */
		0C34963CEED7AA4431E2F070 /* Build configuration list for PBXNativeTarget "Podcapp" */ = {
			isa = XCConfigurationList;
			buildConfigurations = (
				48F3845ABA8235D2A370F5FD /* Debug */,
				4B41DAB7B51A63994A6675A2 /* Release */,
			);
			defaultConfigurationIsVisible = 0;
			defaultConfigurationName = Debug;
		};
		1FA0839F4777517B28C1FE99 /* Build configuration list for PBXNativeTarget "ShareExtension" */ = {
			isa = XCConfigurationList;
			buildConfigurations = (
				3EEB36137D58C3B759AC0CDD /* Debug */,
				030482CC1DFA995272B2612B /* Release */,
			);
			defaultConfigurationIsVisible = 0;
			defaultConfigurationName = Debug;
		};
		DF58CBC9877B92B2D1B4764F /* Build configuration list for PBXProject "Podcapp" */ = {
			isa = XCConfigurationList;
			buildConfigurations = (
				7B60C62CFEAD1A9E627A2C5D /* Debug */,
				0CB30861F7809A917F465F89 /* Release */,
			);
			defaultConfigurationIsVisible = 0;
			defaultConfigurationName = Debug;
		};
/* End XCConfigurationList section */
	};
	rootObject = 122DAEB62B83EAB2359CE059 /* Project object */;
}
